
Microsoft Visual Studio Solution File, Format Version 12.00
# Visual Studio Version 17
VisualStudioVersion = 17.3.32825.248
MinimumVisualStudioVersion = 10.0.40219.1
Project("{9A19103F-16F7-4668-BE54-9A1E7A4F7556}") = "EMO", "EMO\EMO.csproj", "{CB3EC4A8-1371-471C-8AA3-ACF4FAD6EE26}"
EndProject
Project("{FAE04EC0-301F-11D3-BF4B-00C04F79EFBC}") = "IFramework", "IFramework\IFramework.csproj", "{EF4FD5F8-7E75-422A-999E-4ECB0246D369}"
EndProject
Project("{FAE04EC0-301F-11D3-BF4B-00C04F79EFBC}") = "LockStep", "LockStep\LockStep.csproj", "{8898ED7D-2CAC-4952-8A3B-5A2E4E0CD417}"
EndProject
Global
	GlobalSection(SolutionConfigurationPlatforms) = preSolution
		Debug|Any CPU = Debug|Any CPU
		Release|Any CPU = Release|Any CPU
	EndGlobalSection
	GlobalSection(ProjectConfigurationPlatforms) = postSolution
		{CB3EC4A8-1371-471C-8AA3-ACF4FAD6EE26}.Debug|Any CPU.ActiveCfg = Debug|Any CPU
		{CB3EC4A8-1371-471C-8AA3-ACF4FAD6EE26}.Debug|Any CPU.Build.0 = Debug|Any CPU
		{CB3EC4A8-1371-471C-8AA3-ACF4FAD6EE26}.Release|Any CPU.ActiveCfg = Release|Any CPU
		{CB3EC4A8-1371-471C-8AA3-ACF4FAD6EE26}.Release|Any CPU.Build.0 = Release|Any CPU
		{EF4FD5F8-7E75-422A-999E-4ECB0246D369}.Debug|Any CPU.ActiveCfg = Debug|Any CPU
		{EF4FD5F8-7E75-422A-999E-4ECB0246D369}.Debug|Any CPU.Build.0 = Debug|Any CPU
		{EF4FD5F8-7E75-422A-999E-4ECB0246D369}.Release|Any CPU.ActiveCfg = Release|Any CPU
		{EF4FD5F8-7E75-422A-999E-4ECB0246D369}.Release|Any CPU.Build.0 = Release|Any CPU
		{8898ED7D-2CAC-4952-8A3B-5A2E4E0CD417}.Debug|Any CPU.ActiveCfg = Debug|Any CPU
		{8898ED7D-2CAC-4952-8A3B-5A2E4E0CD417}.Debug|Any CPU.Build.0 = Debug|Any CPU
		{8898ED7D-2CAC-4952-8A3B-5A2E4E0CD417}.Release|Any CPU.ActiveCfg = Release|Any CPU
		{8898ED7D-2CAC-4952-8A3B-5A2E4E0CD417}.Release|Any CPU.Build.0 = Release|Any CPU
	EndGlobalSection
	GlobalSection(SolutionProperties) = preSolution
		HideSolutionNode = FALSE
	EndGlobalSection
	GlobalSection(ExtensibilityGlobals) = postSolution
		SolutionGuid = {3B386A92-4220-414F-A0E9-9F7FBC9D449D}
	EndGlobalSection
EndGlobal
