
Microsoft Visual Studio Solution File, Format Version 12.00
# Visual Studio 15
Project("{FAE04EC0-301F-11D3-BF4B-00C04F79EFBC}") = "Assembly-CSharp", "Assembly-CSharp.csproj", "{C2D05641-BA7D-971D-E295-FCEF1B038689}"
EndProject
Project("{FAE04EC0-301F-11D3-BF4B-00C04F79EFBC}") = "Assembly-CSharp-Editor", "Assembly-CSharp-Editor.csproj", "{C23BCB7B-35F1-D712-89C1-98E2DC68EE04}"
EndProject
Global
	GlobalSection(SolutionConfigurationPlatforms) = preSolution
		Debug|Any CPU = Debug|Any CPU
		Release|Any CPU = Release|Any CPU
	EndGlobalSection
	GlobalSection(ProjectConfigurationPlatforms) = postSolution
		{C2D05641-BA7D-971D-E295-FCEF1B038689}.Debug|Any CPU.ActiveCfg = Debug|Any CPU
		{C2D05641-BA7D-971D-E295-FCEF1B038689}.Debug|Any CPU.Build.0 = Debug|Any CPU
		{C2D05641-BA7D-971D-E295-FCEF1B038689}.Release|Any CPU.ActiveCfg = Release|Any CPU
		{C2D05641-BA7D-971D-E295-FCEF1B038689}.Release|Any CPU.Build.0 = Release|Any CPU
		{C23BCB7B-35F1-D712-89C1-98E2DC68EE04}.Debug|Any CPU.ActiveCfg = Debug|Any CPU
		{C23BCB7B-35F1-D712-89C1-98E2DC68EE04}.Debug|Any CPU.Build.0 = Debug|Any CPU
		{C23BCB7B-35F1-D712-89C1-98E2DC68EE04}.Release|Any CPU.ActiveCfg = Release|Any CPU
		{C23BCB7B-35F1-D712-89C1-98E2DC68EE04}.Release|Any CPU.Build.0 = Release|Any CPU
	EndGlobalSection
	GlobalSection(SolutionProperties) = preSolution
		HideSolutionNode = FALSE
	EndGlobalSection
EndGlobal
